<?xml version="1.0" encoding="utf-8"?>
<Project ToolsVersion="4.0" xmlns="http://schemas.microsoft.com/developer/msbuild/2003">
  <ItemGroup>
    <ClCompile Include="genCPP.cpp" />
    <ClCompile Include="genCSharp.cpp" />
    <ClCompile Include="genLUA.cpp" />
    <ClCompile Include="main.cpp" />
    <ClCompile Include="parseProto.cpp" />
    <ClCompile Include="parseCache.cpp" />
    <ClCompile Include="genBase.cpp" />
    <ClCompile Include="depends\log4z.cpp">
      <Filter>depends</Filter>
    </ClCompile>
    <ClCompile Include="depends\tinyxml2.cpp">
      <Filter>depends</Filter>
    </ClCompile>
    <ClCompile Include="depends\utls.cpp">
      <Filter>depends</Filter>
    </ClCompile>
    <ClCompile Include="depends\md5\md5.cpp">
      <Filter>depends\md5</Filter>
    </ClCompile>
  </ItemGroup>
  <ItemGroup>
    <ClInclude Include="any.h" />
    <ClInclude Include="parseProto.h" />
    <ClInclude Include="genBase.h" />
    <ClInclude Include="parseCache.h" />
    <ClInclude Include="common.h" />
    <ClInclude Include="genCPP.h" />
    <ClInclude Include="genCSharp.h" />
    <ClInclude Include="genLUA.h" />
    <ClInclude Include="depends\log4z.h">
      <Filter>depends</Filter>
    </ClInclude>
    <ClInclude Include="depends\tinyxml2.h">
      <Filter>depends</Filter>
    </ClInclude>
    <ClInclude Include="depends\utls.h">
      <Filter>depends</Filter>
    </ClInclude>
    <ClInclude Include="depends\utlsImpl.h">
      <Filter>depends</Filter>
    </ClInclude>
    <ClInclude Include="depends\md5\md5.h">
      <Filter>depends\md5</Filter>
    </ClInclude>
  </ItemGroup>
  <ItemGroup>
    <Filter Include="depends">
      <UniqueIdentifier>{f1d9dc7f-22b7-4cf2-a5be-5904911bfa38}</UniqueIdentifier>
    </Filter>
    <Filter Include="depends\md5">
      <UniqueIdentifier>{12df6003-3bb6-45de-8f58-5ad2efbb987b}</UniqueIdentifier>
    </Filter>
  </ItemGroup>
</Project>